# This file is generated by running "yarn install" inside your project.
# Manual changes might be lost - proceed with caution!

__metadata:
  version: 8
  cacheKey: 10c0

"depreman-deprecated-package@npm:1.0.0":
  version: 1.0.0
  resolution: "depreman-deprecated-package@npm:1.0.0"
  checksum: 10c0/d37ca411b07e562d3dbe0a48e1c19c8081fc771a6b8a0b042f8357e3a4bb8cea20ce193abe7a0e632642007eeaa03998388f2562f76772b3754f8498fa6ab64b
  languageName: node
  linkType: hard

"root-workspace-0b6124@workspace:.":
  version: 0.0.0-use.local
  resolution: "root-workspace-0b6124@workspace:."
  dependencies:
    depreman-deprecated-package: "npm:1.0.0"
  languageName: unknown
  linkType: soft
