{
  "name": "ignore-all",
  "lockfileVersion": 3,
  "requires": true,
  "packages": {
    "": {
      "dependencies": {
        "depreman-deprecated-package": "^1.0.0"
      }
    },
    "node_modules/depreman-deprecated-package": {
      "version": "1.0.0",
      "resolved": "https://registry.npmjs.org/depreman-deprecated-package/-/depreman-deprecated-package-1.0.0.tgz",
      "integrity": "sha512-3w3HLKGWjqMq+eW8Q5sfjcTrFMNR9g62zKMGuYQ9B9ota+cCEmnFEgLlMqirPswv6paeoNSDksKUz6KXvK6mQQ==",
      "deprecated": "Package no longer supported. Contact Support at https://www.npmjs.com/support for more info.",
      "license": "ISC"
    }
  }
}
